
Microsoft Visual Studio Solution File, Format Version 12.00
# Visual Studio 15
VisualStudioVersion = 15.0.28307.106
MinimumVisualStudioVersion = 10.0.40219.1
Project("{FAE04EC0-301F-11D3-BF4B-00C04F79EFBC}") = "FullCalendarWebApp", "FullCalendarWebApp\FullCalendarWebApp.csproj", "{77DB2C0D-7A7F-42F5-87B7-6BFD4F42BD2C}"
EndProject
Global
	GlobalSection(SolutionConfigurationPlatforms) = preSolution
		Debug|Any CPU = Debug|Any CPU
		Release|Any CPU = Release|Any CPU
	EndGlobalSection
	GlobalSection(ProjectConfigurationPlatforms) = postSolution
		{77DB2C0D-7A7F-42F5-87B7-6BFD4F42BD2C}.Debug|Any CPU.ActiveCfg = Debug|Any CPU
		{77DB2C0D-7A7F-42F5-87B7-6BFD4F42BD2C}.Debug|Any CPU.Build.0 = Debug|Any CPU
		{77DB2C0D-7A7F-42F5-87B7-6BFD4F42BD2C}.Release|Any CPU.ActiveCfg = Release|Any CPU
		{77DB2C0D-7A7F-42F5-87B7-6BFD4F42BD2C}.Release|Any CPU.Build.0 = Release|Any CPU
	EndGlobalSection
	GlobalSection(SolutionProperties) = preSolution
		HideSolutionNode = FALSE
	EndGlobalSection
	GlobalSection(ExtensibilityGlobals) = postSolution
		SolutionGuid = {52B43574-AACB-4EF6-B6EC-74513128D8F3}
	EndGlobalSection
EndGlobal
